// !$*UTF8*$!
{
	archiveVersion = 1;
	classes = {
	};
	objectVersion = 51;
	objects = {

/* Begin PBXBuildFile section */
		9223E0172578586A00429ED2 /* Game.swift in Sources */ = {isa = PBXBuildFile; fileRef = 9223E0162578586A00429ED2 /* Game.swift */; };
		9223E01B257858FE00429ED2 /* Games.swift in Sources */ = {isa = PBXBuildFile; fileRef = 9223E01A257858FE00429ED2 /* Games.swift */; };
		9223E01E25785AAC00429ED2 /* GameTableViewCell.swift in Sources */ = {isa = PBXBuildFile; fileRef = 9223E01D25785AAC00429ED2 /* GameTableViewCell.swift */; };
		9223E0212578720D00429ED2 /* GameDetailViewController.swift in Sources */ = {isa = PBXBuildFile; fileRef = 9223E0202578720D00429ED2 /* GameDetailViewController.swift */; };
		9223E024257873DE00429ED2 /* GameDetail.swift in Sources */ = {isa = PBXBuildFile; fileRef = 9223E023257873DE00429ED2 /* GameDetail.swift */; };
		9223E0472578959300429ED2 /* GameDataTableViewCell.swift in Sources */ = {isa = PBXBuildFile; fileRef = 9223E0462578959300429ED2 /* GameDataTableViewCell.swift */; };
		9223E0692578B6B300429ED2 /* Team.swift in Sources */ = {isa = PBXBuildFile; fileRef = 9223E0682578B6B300429ED2 /* Team.swift */; };
		9223E08C2578B98500429ED2 /* Teams.swift in Sources */ = {isa = PBXBuildFile; fileRef = 9223E08B2578B98500429ED2 /* Teams.swift */; };
		9223E0B425799EA800429ED2 /* TeamListViewController.swift in Sources */ = {isa = PBXBuildFile; fileRef = 9223E0B325799EA800429ED2 /* TeamListViewController.swift */; };
		9223E0B72579A23100429ED2 /* TeamTableViewCell.swift in Sources */ = {isa = PBXBuildFile; fileRef = 9223E0B62579A23000429ED2 /* TeamTableViewCell.swift */; };
		9223E0BA2579D54B00429ED2 /* ChatViewController.swift in Sources */ = {isa = PBXBuildFile; fileRef = 9223E0B92579D54A00429ED2 /* ChatViewController.swift */; };
		9223E0BD2579D82E00429ED2 /* Message.swift in Sources */ = {isa = PBXBuildFile; fileRef = 9223E0BC2579D82D00429ED2 /* Message.swift */; };
		9223E0C02579E29F00429ED2 /* Messages.swift in Sources */ = {isa = PBXBuildFile; fileRef = 9223E0BF2579E29F00429ED2 /* Messages.swift */; };
		923DDA2E2581E96900D8312C /* UIViewController+alert.swift in Sources */ = {isa = PBXBuildFile; fileRef = 923DDA2D2581E96900D8312C /* UIViewController+alert.swift */; };
		923DDA312581F8B400D8312C /* ChatImageTableViewCell.swift in Sources */ = {isa = PBXBuildFile; fileRef = 923DDA302581F8B400D8312C /* ChatImageTableViewCell.swift */; };
		923DDA342582016100D8312C /* ImageViewController.swift in Sources */ = {isa = PBXBuildFile; fileRef = 923DDA332582016100D8312C /* ImageViewController.swift */; };
		9267673526ACF6A70024D2E7 /* APIKeys.swift in Sources */ = {isa = PBXBuildFile; fileRef = 9267673426ACF6A70024D2E7 /* APIKeys.swift */; };
		92862CEF259815D000230AF2 /* ProfileViewController.swift in Sources */ = {isa = PBXBuildFile; fileRef = 92862CEE259815D000230AF2 /* ProfileViewController.swift */; };
		92862CF325A0E7A200230AF2 /* EditProfileViewController.swift in Sources */ = {isa = PBXBuildFile; fileRef = 92862CF225A0E7A200230AF2 /* EditProfileViewController.swift */; };
		9287F5CC2656DBA40090FE8E /* GoogleService-Info.plist in Resources */ = {isa = PBXBuildFile; fileRef = 9287F5CB2656DBA30090FE8E /* GoogleService-Info.plist */; };
		928AF8C02578419C00CD496F /* AppDelegate.swift in Sources */ = {isa = PBXBuildFile; fileRef = 928AF8BF2578419C00CD496F /* AppDelegate.swift */; };
		928AF8C22578419C00CD496F /* SceneDelegate.swift in Sources */ = {isa = PBXBuildFile; fileRef = 928AF8C12578419C00CD496F /* SceneDelegate.swift */; };
		928AF8C42578419C00CD496F /* GamesListViewController.swift in Sources */ = {isa = PBXBuildFile; fileRef = 928AF8C32578419C00CD496F /* GamesListViewController.swift */; };
		928AF8C72578419D00CD496F /* Main.storyboard in Resources */ = {isa = PBXBuildFile; fileRef = 928AF8C52578419D00CD496F /* Main.storyboard */; };
		928AF8C9257841A100CD496F /* Assets.xcassets in Resources */ = {isa = PBXBuildFile; fileRef = 928AF8C8257841A100CD496F /* Assets.xcassets */; };
		928AF8CC257841A100CD496F /* LaunchScreen.storyboard in Resources */ = {isa = PBXBuildFile; fileRef = 928AF8CA257841A100CD496F /* LaunchScreen.storyboard */; };
		92B4D05025BCAE9800C9EB83 /* UserTableViewCell.swift in Sources */ = {isa = PBXBuildFile; fileRef = 92B4D04F25BCAE9800C9EB83 /* UserTableViewCell.swift */; };
		92B4D05325BCAFA400C9EB83 /* UserListViewController.swift in Sources */ = {isa = PBXBuildFile; fileRef = 92B4D05225BCAFA400C9EB83 /* UserListViewController.swift */; };
		92E52B02257A039700611434 /* ChatTableViewCell.swift in Sources */ = {isa = PBXBuildFile; fileRef = 92E52B01257A039700611434 /* ChatTableViewCell.swift */; };
		92E52B05257ACD3800611434 /* HTUser.swift in Sources */ = {isa = PBXBuildFile; fileRef = 92E52B04257ACD3800611434 /* HTUser.swift */; };
		B46C0199075E9E7A042E95D7 /* Pods_HotTakes.framework in Frameworks */ = {isa = PBXBuildFile; fileRef = 3352F1FFE6D93CCB2E1A5BB3 /* Pods_HotTakes.framework */; };
/* End PBXBuildFile section */

/* Begin PBXFileReference section */
		3352F1FFE6D93CCB2E1A5BB3 /* Pods_HotTakes.framework */ = {isa = PBXFileReference; explicitFileType = wrapper.framework; includeInIndex = 0; path = Pods_HotTakes.framework; sourceTree = BUILT_PRODUCTS_DIR; };
		57E3AB6C75B076B33053F022 /* Pods-HotTakes.release.xcconfig */ = {isa = PBXFileReference; includeInIndex = 1; lastKnownFileType = text.xcconfig; name = "Pods-HotTakes.release.xcconfig"; path = "Target Support Files/Pods-HotTakes/Pods-HotTakes.release.xcconfig"; sourceTree = "<group>"; };
		9223E0162578586A00429ED2 /* Game.swift */ = {isa = PBXFileReference; lastKnownFileType = sourcecode.swift; path = Game.swift; sourceTree = "<group>"; };
		9223E01A257858FE00429ED2 /* Games.swift */ = {isa = PBXFileReference; lastKnownFileType = sourcecode.swift; path = Games.swift; sourceTree = "<group>"; };
		9223E01D25785AAC00429ED2 /* GameTableViewCell.swift */ = {isa = PBXFileReference; lastKnownFileType = sourcecode.swift; path = GameTableViewCell.swift; sourceTree = "<group>"; };
		9223E0202578720D00429ED2 /* GameDetailViewController.swift */ = {isa = PBXFileReference; lastKnownFileType = sourcecode.swift; path = GameDetailViewController.swift; sourceTree = "<group>"; };
		9223E023257873DE00429ED2 /* GameDetail.swift */ = {isa = PBXFileReference; lastKnownFileType = sourcecode.swift; path = GameDetail.swift; sourceTree = "<group>"; };
		9223E0462578959300429ED2 /* GameDataTableViewCell.swift */ = {isa = PBXFileReference; lastKnownFileType = sourcecode.swift; path = GameDataTableViewCell.swift; sourceTree = "<group>"; };
		9223E0682578B6B300429ED2 /* Team.swift */ = {isa = PBXFileReference; lastKnownFileType = sourcecode.swift; path = Team.swift; sourceTree = "<group>"; };
		9223E08B2578B98500429ED2 /* Teams.swift */ = {isa = PBXFileReference; lastKnownFileType = sourcecode.swift; path = Teams.swift; sourceTree = "<group>"; };
		9223E0B325799EA800429ED2 /* TeamListViewController.swift */ = {isa = PBXFileReference; lastKnownFileType = sourcecode.swift; path = TeamListViewController.swift; sourceTree = "<group>"; };
		9223E0B62579A23000429ED2 /* TeamTableViewCell.swift */ = {isa = PBXFileReference; lastKnownFileType = sourcecode.swift; path = TeamTableViewCell.swift; sourceTree = "<group>"; };
		9223E0B92579D54A00429ED2 /* ChatViewController.swift */ = {isa = PBXFileReference; lastKnownFileType = sourcecode.swift; path = ChatViewController.swift; sourceTree = "<group>"; };
		9223E0BC2579D82D00429ED2 /* Message.swift */ = {isa = PBXFileReference; lastKnownFileType = sourcecode.swift; path = Message.swift; sourceTree = "<group>"; };
		9223E0BF2579E29F00429ED2 /* Messages.swift */ = {isa = PBXFileReference; lastKnownFileType = sourcecode.swift; path = Messages.swift; sourceTree = "<group>"; };
		923DDA2D2581E96900D8312C /* UIViewController+alert.swift */ = {isa = PBXFileReference; fileEncoding = 4; lastKnownFileType = sourcecode.swift; path = "UIViewController+alert.swift"; sourceTree = "<group>"; };
		923DDA302581F8B400D8312C /* ChatImageTableViewCell.swift */ = {isa = PBXFileReference; lastKnownFileType = sourcecode.swift; path = ChatImageTableViewCell.swift; sourceTree = "<group>"; };
		923DDA332582016100D8312C /* ImageViewController.swift */ = {isa = PBXFileReference; lastKnownFileType = sourcecode.swift; path = ImageViewController.swift; sourceTree = "<group>"; };
		9267673426ACF6A70024D2E7 /* APIKeys.swift */ = {isa = PBXFileReference; lastKnownFileType = sourcecode.swift; path = APIKeys.swift; sourceTree = "<group>"; };
		92862CEE259815D000230AF2 /* ProfileViewController.swift */ = {isa = PBXFileReference; lastKnownFileType = sourcecode.swift; path = ProfileViewController.swift; sourceTree = "<group>"; };
		92862CF225A0E7A200230AF2 /* EditProfileViewController.swift */ = {isa = PBXFileReference; lastKnownFileType = sourcecode.swift; path = EditProfileViewController.swift; sourceTree = "<group>"; };
		9287F5CB2656DBA30090FE8E /* GoogleService-Info.plist */ = {isa = PBXFileReference; fileEncoding = 4; lastKnownFileType = text.plist.xml; path = "GoogleService-Info.plist"; sourceTree = "<group>"; };
		928AF8BC2578419C00CD496F /* HotTakes.app */ = {isa = PBXFileReference; explicitFileType = wrapper.application; includeInIndex = 0; path = HotTakes.app; sourceTree = BUILT_PRODUCTS_DIR; };
		928AF8BF2578419C00CD496F /* AppDelegate.swift */ = {isa = PBXFileReference; lastKnownFileType = sourcecode.swift; path = AppDelegate.swift; sourceTree = "<group>"; };
		928AF8C12578419C00CD496F /* SceneDelegate.swift */ = {isa = PBXFileReference; lastKnownFileType = sourcecode.swift; path = SceneDelegate.swift; sourceTree = "<group>"; };
		928AF8C32578419C00CD496F /* GamesListViewController.swift */ = {isa = PBXFileReference; lastKnownFileType = sourcecode.swift; path = GamesListViewController.swift; sourceTree = "<group>"; };
		928AF8C62578419D00CD496F /* Base */ = {isa = PBXFileReference; lastKnownFileType = file.storyboard; name = Base; path = Base.lproj/Main.storyboard; sourceTree = "<group>"; };
		928AF8C8257841A100CD496F /* Assets.xcassets */ = {isa = PBXFileReference; lastKnownFileType = folder.assetcatalog; path = Assets.xcassets; sourceTree = "<group>"; };
		928AF8CB257841A100CD496F /* Base */ = {isa = PBXFileReference; lastKnownFileType = file.storyboard; name = Base; path = Base.lproj/LaunchScreen.storyboard; sourceTree = "<group>"; };
		928AF8CD257841A100CD496F /* Info.plist */ = {isa = PBXFileReference; lastKnownFileType = text.plist.xml; path = Info.plist; sourceTree = "<group>"; };
		92B4D04F25BCAE9800C9EB83 /* UserTableViewCell.swift */ = {isa = PBXFileReference; lastKnownFileType = sourcecode.swift; path = UserTableViewCell.swift; sourceTree = "<group>"; };
		92B4D05225BCAFA400C9EB83 /* UserListViewController.swift */ = {isa = PBXFileReference; lastKnownFileType = sourcecode.swift; path = UserListViewController.swift; sourceTree = "<group>"; };
		92E52B01257A039700611434 /* ChatTableViewCell.swift */ = {isa = PBXFileReference; lastKnownFileType = sourcecode.swift; path = ChatTableViewCell.swift; sourceTree = "<group>"; };
		92E52B04257ACD3800611434 /* HTUser.swift */ = {isa = PBXFileReference; lastKnownFileType = sourcecode.swift; path = HTUser.swift; sourceTree = "<group>"; };
		B19A78DE27770E0200FEAC90 /* Pods-HotTakes.debug.xcconfig */ = {isa = PBXFileReference; includeInIndex = 1; lastKnownFileType = text.xcconfig; name = "Pods-HotTakes.debug.xcconfig"; path = "Target Support Files/Pods-HotTakes/Pods-HotTakes.debug.xcconfig"; sourceTree = "<group>"; };
/* End PBXFileReference section */

/* Begin PBXFrameworksBuildPhase section */
		928AF8B92578419C00CD496F /* Frameworks */ = {
			isa = PBXFrameworksBuildPhase;
			buildActionMask = 2147483647;
			files = (
				B46C0199075E9E7A042E95D7 /* Pods_HotTakes.framework in Frameworks */,
			);
			runOnlyForDeploymentPostprocessing = 0;
		};
/* End PBXFrameworksBuildPhase section */

/* Begin PBXGroup section */
		30087A6D46C4627D0C32508E /* Pods */ = {
			isa = PBXGroup;
			children = (
				B19A78DE27770E0200FEAC90 /* Pods-HotTakes.debug.xcconfig */,
				57E3AB6C75B076B33053F022 /* Pods-HotTakes.release.xcconfig */,
			);
			path = Pods;
			sourceTree = "<group>";
		};
		7D945583580D97E107FAFCF8 /* Frameworks */ = {
			isa = PBXGroup;
			children = (
				3352F1FFE6D93CCB2E1A5BB3 /* Pods_HotTakes.framework */,
			);
			name = Frameworks;
			sourceTree = "<group>";
		};
		928AF8B32578419C00CD496F = {
			isa = PBXGroup;
			children = (
				928AF8BE2578419C00CD496F /* HotTakes */,
				928AF8BD2578419C00CD496F /* Products */,
				30087A6D46C4627D0C32508E /* Pods */,
				7D945583580D97E107FAFCF8 /* Frameworks */,
			);
			sourceTree = "<group>";
		};
		928AF8BD2578419C00CD496F /* Products */ = {
			isa = PBXGroup;
			children = (
				928AF8BC2578419C00CD496F /* HotTakes.app */,
			);
			name = Products;
			sourceTree = "<group>";
		};
		928AF8BE2578419C00CD496F /* HotTakes */ = {
			isa = PBXGroup;
			children = (
				928AF8BF2578419C00CD496F /* AppDelegate.swift */,
				928AF8C12578419C00CD496F /* SceneDelegate.swift */,
				9267673426ACF6A70024D2E7 /* APIKeys.swift */,
				923DDA2D2581E96900D8312C /* UIViewController+alert.swift */,
				9223E0BC2579D82D00429ED2 /* Message.swift */,
				9223E0BF2579E29F00429ED2 /* Messages.swift */,
				92E52B04257ACD3800611434 /* HTUser.swift */,
				9223E0682578B6B300429ED2 /* Team.swift */,
				9223E08B2578B98500429ED2 /* Teams.swift */,
				9223E0162578586A00429ED2 /* Game.swift */,
				9223E01A257858FE00429ED2 /* Games.swift */,
				9223E023257873DE00429ED2 /* GameDetail.swift */,
				9223E01D25785AAC00429ED2 /* GameTableViewCell.swift */,
				9223E0B62579A23000429ED2 /* TeamTableViewCell.swift */,
				9223E0462578959300429ED2 /* GameDataTableViewCell.swift */,
				92E52B01257A039700611434 /* ChatTableViewCell.swift */,
				923DDA302581F8B400D8312C /* ChatImageTableViewCell.swift */,
				92B4D04F25BCAE9800C9EB83 /* UserTableViewCell.swift */,
				928AF8C32578419C00CD496F /* GamesListViewController.swift */,
				9223E0202578720D00429ED2 /* GameDetailViewController.swift */,
				9223E0B325799EA800429ED2 /* TeamListViewController.swift */,
				9223E0B92579D54A00429ED2 /* ChatViewController.swift */,
				923DDA332582016100D8312C /* ImageViewController.swift */,
				92862CEE259815D000230AF2 /* ProfileViewController.swift */,
				92862CF225A0E7A200230AF2 /* EditProfileViewController.swift */,
				92B4D05225BCAFA400C9EB83 /* UserListViewController.swift */,
				928AF8C52578419D00CD496F /* Main.storyboard */,
				928AF8C8257841A100CD496F /* Assets.xcassets */,
				928AF8CA257841A100CD496F /* LaunchScreen.storyboard */,
				928AF8CD257841A100CD496F /* Info.plist */,
				9287F5CB2656DBA30090FE8E /* GoogleService-Info.plist */,
			);
			path = HotTakes;
			sourceTree = "<group>";
		};
/* End PBXGroup section */

/* Begin PBXNativeTarget section */
		928AF8BB2578419C00CD496F /* HotTakes */ = {
			isa = PBXNativeTarget;
			buildConfigurationList = 928AF8D0257841A100CD496F /* Build configuration list for PBXNativeTarget "HotTakes" */;
			buildPhases = (
				14A0965D55992E5CC214F19C /* [CP] Check Pods Manifest.lock */,
				928AF8B82578419C00CD496F /* Sources */,
				928AF8B92578419C00CD496F /* Frameworks */,
				928AF8BA2578419C00CD496F /* Resources */,
				A5619E90DF161DB56F315F0B /* [CP] Embed Pods Frameworks */,
				480584024338FC7A7B6E938A /* [CP] Copy Pods Resources */,
			);
			buildRules = (
			);
			dependencies = (
			);
			name = HotTakes;
			productName = HotTakes;
			productReference = 928AF8BC2578419C00CD496F /* HotTakes.app */;
			productType = "com.apple.product-type.application";
		};
/* End PBXNativeTarget section */

/* Begin PBXProject section */
		928AF8B42578419C00CD496F /* Project object */ = {
			isa = PBXProject;
			attributes = {
				LastSwiftUpdateCheck = 1220;
				LastUpgradeCheck = 1220;
				TargetAttributes = {
					928AF8BB2578419C00CD496F = {
						CreatedOnToolsVersion = 12.2;
					};
				};
			};
			buildConfigurationList = 928AF8B72578419C00CD496F /* Build configuration list for PBXProject "HotTakes" */;
			compatibilityVersion = "Xcode 9.3";
			developmentRegion = en;
			hasScannedForEncodings = 0;
			knownRegions = (
				en,
				Base,
			);
			mainGroup = 928AF8B32578419C00CD496F;
			productRefGroup = 928AF8BD2578419C00CD496F /* Products */;
			projectDirPath = "";
			projectRoot = "";
			targets = (
				928AF8BB2578419C00CD496F /* HotTakes */,
			);
		};
/* End PBXProject section */

/* Begin PBXResourcesBuildPhase section */
		928AF8BA2578419C00CD496F /* Resources */ = {
			isa = PBXResourcesBuildPhase;
			buildActionMask = 2147483647;
			files = (
				928AF8CC257841A100CD496F /* LaunchScreen.storyboard in Resources */,
				9287F5CC2656DBA40090FE8E /* GoogleService-Info.plist in Resources */,
				928AF8C9257841A100CD496F /* Assets.xcassets in Resources */,
				928AF8C72578419D00CD496F /* Main.storyboard in Resources */,
			);
			runOnlyForDeploymentPostprocessing = 0;
		};
/* End PBXResourcesBuildPhase section */

/* Begin PBXShellScriptBuildPhase section */
		14A0965D55992E5CC214F19C /* [CP] Check Pods Manifest.lock */ = {
			isa = PBXShellScriptBuildPhase;
			buildActionMask = 2147483647;
			files = (
			);
			inputFileListPaths = (
			);
			inputPaths = (
				"${PODS_PODFILE_DIR_PATH}/Podfile.lock",
				"${PODS_ROOT}/Manifest.lock",
			);
			name = "[CP] Check Pods Manifest.lock";
			outputFileListPaths = (
			);
			outputPaths = (
				"$(DERIVED_FILE_DIR)/Pods-HotTakes-checkManifestLockResult.txt",
			);
			runOnlyForDeploymentPostprocessing = 0;
			shellPath = /bin/sh;
			shellScript = "diff \"${PODS_PODFILE_DIR_PATH}/Podfile.lock\" \"${PODS_ROOT}/Manifest.lock\" > /dev/null\nif [ $? != 0 ] ; then\n    # print error to STDERR\n    echo \"error: The sandbox is not in sync with the Podfile.lock. Run 'pod install' or update your CocoaPods installation.\" >&2\n    exit 1\nfi\n# This output is used by Xcode 'outputs' to avoid re-running this script phase.\necho \"SUCCESS\" > \"${SCRIPT_OUTPUT_FILE_0}\"\n";
			showEnvVarsInLog = 0;
		};
		480584024338FC7A7B6E938A /* [CP] Copy Pods Resources */ = {
			isa = PBXShellScriptBuildPhase;
			buildActionMask = 2147483647;
			files = (
			);
			inputFileListPaths = (
				"${PODS_ROOT}/Target Support Files/Pods-HotTakes/Pods-HotTakes-resources-${CONFIGURATION}-input-files.xcfilelist",
			);
			name = "[CP] Copy Pods Resources";
			outputFileListPaths = (
				"${PODS_ROOT}/Target Support Files/Pods-HotTakes/Pods-HotTakes-resources-${CONFIGURATION}-output-files.xcfilelist",
			);
			runOnlyForDeploymentPostprocessing = 0;
			shellPath = /bin/sh;
			shellScript = "\"${PODS_ROOT}/Target Support Files/Pods-HotTakes/Pods-HotTakes-resources.sh\"\n";
			showEnvVarsInLog = 0;
		};
		A5619E90DF161DB56F315F0B /* [CP] Embed Pods Frameworks */ = {
			isa = PBXShellScriptBuildPhase;
			buildActionMask = 2147483647;
			files = (
			);
			inputFileListPaths = (
				"${PODS_ROOT}/Target Support Files/Pods-HotTakes/Pods-HotTakes-frameworks-${CONFIGURATION}-input-files.xcfilelist",
			);
			name = "[CP] Embed Pods Frameworks";
			outputFileListPaths = (
				"${PODS_ROOT}/Target Support Files/Pods-HotTakes/Pods-HotTakes-frameworks-${CONFIGURATION}-output-files.xcfilelist",
			);
			runOnlyForDeploymentPostprocessing = 0;
			shellPath = /bin/sh;
			shellScript = "\"${PODS_ROOT}/Target Support Files/Pods-HotTakes/Pods-HotTakes-frameworks.sh\"\n";
			showEnvVarsInLog = 0;
		};
/* End PBXShellScriptBuildPhase section */

/* Begin PBXSourcesBuildPhase section */
		928AF8B82578419C00CD496F /* Sources */ = {
			isa = PBXSourcesBuildPhase;
			buildActionMask = 2147483647;
			files = (
				923DDA2E2581E96900D8312C /* UIViewController+alert.swift in Sources */,
				9223E024257873DE00429ED2 /* GameDetail.swift in Sources */,
				9267673526ACF6A70024D2E7 /* APIKeys.swift in Sources */,
				9223E0C02579E29F00429ED2 /* Messages.swift in Sources */,
				9223E0212578720D00429ED2 /* GameDetailViewController.swift in Sources */,
				92B4D05025BCAE9800C9EB83 /* UserTableViewCell.swift in Sources */,
				92B4D05325BCAFA400C9EB83 /* UserListViewController.swift in Sources */,
				928AF8C42578419C00CD496F /* GamesListViewController.swift in Sources */,
				923DDA312581F8B400D8312C /* ChatImageTableViewCell.swift in Sources */,
				92862CEF259815D000230AF2 /* ProfileViewController.swift in Sources */,
				92E52B05257ACD3800611434 /* HTUser.swift in Sources */,
				9223E0172578586A00429ED2 /* Game.swift in Sources */,
				928AF8C02578419C00CD496F /* AppDelegate.swift in Sources */,
				92862CF325A0E7A200230AF2 /* EditProfileViewController.swift in Sources */,
				9223E0B425799EA800429ED2 /* TeamListViewController.swift in Sources */,
				923DDA342582016100D8312C /* ImageViewController.swift in Sources */,
				9223E08C2578B98500429ED2 /* Teams.swift in Sources */,
				9223E0472578959300429ED2 /* GameDataTableViewCell.swift in Sources */,
				9223E0B72579A23100429ED2 /* TeamTableViewCell.swift in Sources */,
				9223E01B257858FE00429ED2 /* Games.swift in Sources */,
				9223E0BA2579D54B00429ED2 /* ChatViewController.swift in Sources */,
				92E52B02257A039700611434 /* ChatTableViewCell.swift in Sources */,
				928AF8C22578419C00CD496F /* SceneDelegate.swift in Sources */,
				9223E0BD2579D82E00429ED2 /* Message.swift in Sources */,
				9223E0692578B6B300429ED2 /* Team.swift in Sources */,
				9223E01E25785AAC00429ED2 /* GameTableViewCell.swift in Sources */,
			);
			runOnlyForDeploymentPostprocessing = 0;
		};
/* End PBXSourcesBuildPhase section */

/* Begin PBXVariantGroup section */
		928AF8C52578419D00CD496F /* Main.storyboard */ = {
			isa = PBXVariantGroup;
			children = (
				928AF8C62578419D00CD496F /* Base */,
			);
			name = Main.storyboard;
			sourceTree = "<group>";
		};
		928AF8CA257841A100CD496F /* LaunchScreen.storyboard */ = {
			isa = PBXVariantGroup;
			children = (
				928AF8CB257841A100CD496F /* Base */,
			);
			name = LaunchScreen.storyboard;
			sourceTree = "<group>";
		};
/* End PBXVariantGroup section */

/* Begin XCBuildConfiguration section */
		928AF8CE257841A100CD496F /* Debug */ = {
			isa = XCBuildConfiguration;
			buildSettings = {
				ALWAYS_SEARCH_USER_PATHS = NO;
				CLANG_ANALYZER_NONNULL = YES;
				CLANG_ANALYZER_NUMBER_OBJECT_CONVERSION = YES_AGGRESSIVE;
				CLANG_CXX_LANGUAGE_STANDARD = "gnu++14";
				CLANG_CXX_LIBRARY = "libc++";
				CLANG_ENABLE_MODULES = YES;
				CLANG_ENABLE_OBJC_ARC = YES;
				CLANG_ENABLE_OBJC_WEAK = YES;
				CLANG_WARN_BLOCK_CAPTURE_AUTORELEASING = YES;
				CLANG_WARN_BOOL_CONVERSION = YES;
				CLANG_WARN_COMMA = YES;
				CLANG_WARN_CONSTANT_CONVERSION = YES;
				CLANG_WARN_DEPRECATED_OBJC_IMPLEMENTATIONS = YES;
				CLANG_WARN_DIRECT_OBJC_ISA_USAGE = YES_ERROR;
				CLANG_WARN_DOCUMENTATION_COMMENTS = YES;
				CLANG_WARN_EMPTY_BODY = YES;
				CLANG_WARN_ENUM_CONVERSION = YES;
				CLANG_WARN_INFINITE_RECURSION = YES;
				CLANG_WARN_INT_CONVERSION = YES;
				CLANG_WARN_NON_LITERAL_NULL_CONVERSION = YES;
				CLANG_WARN_OBJC_IMPLICIT_RETAIN_SELF = YES;
				CLANG_WARN_OBJC_LITERAL_CONVERSION = YES;
				CLANG_WARN_OBJC_ROOT_CLASS = YES_ERROR;
				CLANG_WARN_QUOTED_INCLUDE_IN_FRAMEWORK_HEADER = YES;
				CLANG_WARN_RANGE_LOOP_ANALYSIS = YES;
				CLANG_WARN_STRICT_PROTOTYPES = YES;
				CLANG_WARN_SUSPICIOUS_MOVE = YES;
				CLANG_WARN_UNGUARDED_AVAILABILITY = YES_AGGRESSIVE;
				CLANG_WARN_UNREACHABLE_CODE = YES;
				CLANG_WARN__DUPLICATE_METHOD_MATCH = YES;
				COPY_PHASE_STRIP = NO;
				DEBUG_INFORMATION_FORMAT = dwarf;
				ENABLE_STRICT_OBJC_MSGSEND = YES;
				ENABLE_TESTABILITY = YES;
				GCC_C_LANGUAGE_STANDARD = gnu11;
				GCC_DYNAMIC_NO_PIC = NO;
				GCC_NO_COMMON_BLOCKS = YES;
				GCC_OPTIMIZATION_LEVEL = 0;
				GCC_PREPROCESSOR_DEFINITIONS = (
					"DEBUG=1",
					"$(inherited)",
				);
				GCC_WARN_64_TO_32_BIT_CONVERSION = YES;
				GCC_WARN_ABOUT_RETURN_TYPE = YES_ERROR;
				GCC_WARN_UNDECLARED_SELECTOR = YES;
				GCC_WARN_UNINITIALIZED_AUTOS = YES_AGGRESSIVE;
				GCC_WARN_UNUSED_FUNCTION = YES;
				GCC_WARN_UNUSED_VARIABLE = YES;
				IPHONEOS_DEPLOYMENT_TARGET = 14.2;
				MTL_ENABLE_DEBUG_INFO = INCLUDE_SOURCE;
				MTL_FAST_MATH = YES;
				ONLY_ACTIVE_ARCH = YES;
				SDKROOT = iphoneos;
				SWIFT_ACTIVE_COMPILATION_CONDITIONS = DEBUG;
				SWIFT_OPTIMIZATION_LEVEL = "-Onone";
			};
			name = Debug;
		};
		928AF8CF257841A100CD496F /* Release */ = {
			isa = XCBuildConfiguration;
			buildSettings = {
				ALWAYS_SEARCH_USER_PATHS = NO;
				CLANG_ANALYZER_NONNULL = YES;
				CLANG_ANALYZER_NUMBER_OBJECT_CONVERSION = YES_AGGRESSIVE;
				CLANG_CXX_LANGUAGE_STANDARD = "gnu++14";
				CLANG_CXX_LIBRARY = "libc++";
				CLANG_ENABLE_MODULES = YES;
				CLANG_ENABLE_OBJC_ARC = YES;
				CLANG_ENABLE_OBJC_WEAK = YES;
				CLANG_WARN_BLOCK_CAPTURE_AUTORELEASING = YES;
				CLANG_WARN_BOOL_CONVERSION = YES;
				CLANG_WARN_COMMA = YES;
				CLANG_WARN_CONSTANT_CONVERSION = YES;
				CLANG_WARN_DEPRECATED_OBJC_IMPLEMENTATIONS = YES;
				CLANG_WARN_DIRECT_OBJC_ISA_USAGE = YES_ERROR;
				CLANG_WARN_DOCUMENTATION_COMMENTS = YES;
				CLANG_WARN_EMPTY_BODY = YES;
				CLANG_WARN_ENUM_CONVERSION = YES;
				CLANG_WARN_INFINITE_RECURSION = YES;
				CLANG_WARN_INT_CONVERSION = YES;
				CLANG_WARN_NON_LITERAL_NULL_CONVERSION = YES;
				CLANG_WARN_OBJC_IMPLICIT_RETAIN_SELF = YES;
				CLANG_WARN_OBJC_LITERAL_CONVERSION = YES;
				CLANG_WARN_OBJC_ROOT_CLASS = YES_ERROR;
				CLANG_WARN_QUOTED_INCLUDE_IN_FRAMEWORK_HEADER = YES;
				CLANG_WARN_RANGE_LOOP_ANALYSIS = YES;
				CLANG_WARN_STRICT_PROTOTYPES = YES;
				CLANG_WARN_SUSPICIOUS_MOVE = YES;
				CLANG_WARN_UNGUARDED_AVAILABILITY = YES_AGGRESSIVE;
				CLANG_WARN_UNREACHABLE_CODE = YES;
				CLANG_WARN__DUPLICATE_METHOD_MATCH = YES;
				COPY_PHASE_STRIP = NO;
				DEBUG_INFORMATION_FORMAT = "dwarf-with-dsym";
				ENABLE_NS_ASSERTIONS = NO;
				ENABLE_STRICT_OBJC_MSGSEND = YES;
				GCC_C_LANGUAGE_STANDARD = gnu11;
				GCC_NO_COMMON_BLOCKS = YES;
				GCC_WARN_64_TO_32_BIT_CONVERSION = YES;
				GCC_WARN_ABOUT_RETURN_TYPE = YES_ERROR;
				GCC_WARN_UNDECLARED_SELECTOR = YES;
				GCC_WARN_UNINITIALIZED_AUTOS = YES_AGGRESSIVE;
				GCC_WARN_UNUSED_FUNCTION = YES;
				GCC_WARN_UNUSED_VARIABLE = YES;
				IPHONEOS_DEPLOYMENT_TARGET = 14.2;
				MTL_ENABLE_DEBUG_INFO = NO;
				MTL_FAST_MATH = YES;
				SDKROOT = iphoneos;
				SWIFT_COMPILATION_MODE = wholemodule;
				SWIFT_OPTIMIZATION_LEVEL = "-O";
				VALIDATE_PRODUCT = YES;
			};
			name = Release;
		};
		928AF8D1257841A100CD496F /* Debug */ = {
			isa = XCBuildConfiguration;
			baseConfigurationReference = B19A78DE27770E0200FEAC90 /* Pods-HotTakes.debug.xcconfig */;
			buildSettings = {
				ASSETCATALOG_COMPILER_APPICON_NAME = AppIcon;
				ASSETCATALOG_COMPILER_GLOBAL_ACCENT_COLOR_NAME = AccentColor;
				CODE_SIGN_STYLE = Automatic;
				DEVELOPMENT_TEAM = 6A39RK6S5G;
				INFOPLIST_FILE = HotTakes/Info.plist;
				IPHONEOS_DEPLOYMENT_TARGET = 13.0;
				LD_RUNPATH_SEARCH_PATHS = (
					"$(inherited)",
					"@executable_path/Frameworks",
				);
				PRODUCT_BUNDLE_IDENTIFIER = crews.HotTakes;
				PRODUCT_NAME = "$(TARGET_NAME)";
				SWIFT_VERSION = 5.0;
				TARGETED_DEVICE_FAMILY = "1,2";
			};
			name = Debug;
		};
		928AF8D2257841A100CD496F /* Release */ = {
			isa = XCBuildConfiguration;
			baseConfigurationReference = 57E3AB6C75B076B33053F022 /* Pods-HotTakes.release.xcconfig */;
			buildSettings = {
				ASSETCATALOG_COMPILER_APPICON_NAME = AppIcon;
				ASSETCATALOG_COMPILER_GLOBAL_ACCENT_COLOR_NAME = AccentColor;
				CODE_SIGN_STYLE = Automatic;
				DEVELOPMENT_TEAM = 6A39RK6S5G;
				INFOPLIST_FILE = HotTakes/Info.plist;
				IPHONEOS_DEPLOYMENT_TARGET = 13.0;
				LD_RUNPATH_SEARCH_PATHS = (
					"$(inherited)",
					"@executable_path/Frameworks",
				);
				PRODUCT_BUNDLE_IDENTIFIER = crews.HotTakes;
				PRODUCT_NAME = "$(TARGET_NAME)";
				SWIFT_VERSION = 5.0;
				TARGETED_DEVICE_FAMILY = "1,2";
			};
			name = Release;
		};
/* End XCBuildConfiguration section */

/* Begin XCConfigurationList section */
		928AF8B72578419C00CD496F /* Build configuration list for PBXProject "HotTakes" */ = {
			isa = XCConfigurationList;
			buildConfigurations = (
				928AF8CE257841A100CD496F /* Debug */,
				928AF8CF257841A100CD496F /* Release */,
			);
			defaultConfigurationIsVisible = 0;
			defaultConfigurationName = Release;
		};
		928AF8D0257841A100CD496F /* Build configuration list for PBXNativeTarget "HotTakes" */ = {
			isa = XCConfigurationList;
			buildConfigurations = (
				928AF8D1257841A100CD496F /* Debug */,
				928AF8D2257841A100CD496F /* Release */,
			);
			defaultConfigurationIsVisible = 0;
			defaultConfigurationName = Release;
		};
/* End XCConfigurationList section */
	};
	rootObject = 928AF8B42578419C00CD496F /* Project object */;
}
